hash: 1f425dc7f80754f37b028fa5f73dda50e4bced21aa6d71f0845fc7c78169c350
updated: 2018-11-01T12:15:21.525025716+01:00
imports:
- name: github.com/BurntSushi/toml
  version: 3012a1dbe2e4bd1391d42b32f0577cb7bbc7f005
- name: github.com/jasonlvhit/gocron
  version: 54194c9749d48b073c9aeb2c787b6882e95dd0cd
testImports: []
